
Microsoft Visual Studio Solution File, Format Version 12.00
# Visual Studio Version 17
VisualStudioVersion = 17.2.32602.215
MinimumVisualStudioVersion = 10.0.40219.1
Project("{FAE04EC0-301F-11D3-BF4B-00C04F79EFBC}") = "PPModEnabler", "PPModEnabler.csproj", "{FD0562B8-98EB-4B5B-B49A-B88461F9F99A}"
EndProject
Global
	GlobalSection(SolutionConfigurationPlatforms) = preSolution
		Debug|Any CPU = Debug|Any CPU
		Release|Any CPU = Release|Any CPU
	EndGlobalSection
	GlobalSection(ProjectConfigurationPlatforms) = postSolution
		{FD0562B8-98EB-4B5B-B49A-B88461F9F99A}.Debug|Any CPU.ActiveCfg = Debug|Any CPU
		{FD0562B8-98EB-4B5B-B49A-B88461F9F99A}.Debug|Any CPU.Build.0 = Debug|Any CPU
		{FD0562B8-98EB-4B5B-B49A-B88461F9F99A}.Release|Any CPU.ActiveCfg = Release|Any CPU
		{FD0562B8-98EB-4B5B-B49A-B88461F9F99A}.Release|Any CPU.Build.0 = Release|Any CPU
	EndGlobalSection
	GlobalSection(SolutionProperties) = preSolution
		HideSolutionNode = FALSE
	EndGlobalSection
	GlobalSection(ExtensibilityGlobals) = postSolution
		SolutionGuid = {84EC0C13-4358-46AF-B315-6C94744097F6}
	EndGlobalSection
EndGlobal
